
Microsoft Visual Studio Solution File, Format Version 12.00
Project("{FAE04EC0-301F-11D3-BF4B-00C04F79EFBC}") = "BankAccountNS", "BankAccountNS\BankAccountNS.csproj", "{FD7585BC-C8F1-4C73-B6ED-2ED4EDA9BB00}"
EndProject
Project("{FAE04EC0-301F-11D3-BF4B-00C04F79EFBC}") = "BankTests", "BankTests\BankTests.csproj", "{3D9DA811-1FB4-433F-9251-084CD6BB762E}"
EndProject
Project("{FAE04EC0-301F-11D3-BF4B-00C04F79EFBC}") = "PasswordCheck", "PasswordCheck\PasswordCheck.csproj", "{AF6AC2AE-38CB-4008-92AF-8D20E27E65F5}"
EndProject
Project("{FAE04EC0-301F-11D3-BF4B-00C04F79EFBC}") = "PasswordCheckTests", "PasswordCheckTests\PasswordCheckTests.csproj", "{B3DDFF18-5783-4013-9C31-BA68C9ABCD49}"
EndProject
Project("{FAE04EC0-301F-11D3-BF4B-00C04F79EFBC}") = "ValidParentheses", "ValidParentheses\ValidParentheses.csproj", "{6E14B18F-0357-4C4F-89B8-FF8847D77361}"
EndProject
Project("{FAE04EC0-301F-11D3-BF4B-00C04F79EFBC}") = "ValidParenthesesTests", "ValidParenthesesTests\ValidParenthesesTests.csproj", "{8042C834-BAA1-4234-BBBF-79FE20360849}"
EndProject
Project("{FAE04EC0-301F-11D3-BF4B-00C04F79EFBC}") = "NarcissisticNumber", "NarcissisticNumber\NarcissisticNumber.csproj", "{C58F5940-F867-41B8-985B-B071A205050D}"
EndProject
Project("{FAE04EC0-301F-11D3-BF4B-00C04F79EFBC}") = "NarcissisticNumberTests", "NarcissisticNumberTests\NarcissisticNumberTests.csproj", "{3D164877-ED70-4C9C-8A5D-F9BBF813E08B}"
EndProject
Project("{FAE04EC0-301F-11D3-BF4B-00C04F79EFBC}") = "DigitalRoot", "DigitalRoot\DigitalRoot.csproj", "{0C47FED8-C605-401A-9720-439524C2AB3D}"
EndProject
Project("{FAE04EC0-301F-11D3-BF4B-00C04F79EFBC}") = "Parser", "Parser\Parser.csproj", "{A9899AAD-EC51-4F91-BD98-4DF4E10966C5}"
EndProject
Global
	GlobalSection(SolutionConfigurationPlatforms) = preSolution
		Debug|Any CPU = Debug|Any CPU
		Release|Any CPU = Release|Any CPU
	EndGlobalSection
	GlobalSection(ProjectConfigurationPlatforms) = postSolution
		{FD7585BC-C8F1-4C73-B6ED-2ED4EDA9BB00}.Debug|Any CPU.ActiveCfg = Debug|Any CPU
		{FD7585BC-C8F1-4C73-B6ED-2ED4EDA9BB00}.Debug|Any CPU.Build.0 = Debug|Any CPU
		{FD7585BC-C8F1-4C73-B6ED-2ED4EDA9BB00}.Release|Any CPU.ActiveCfg = Release|Any CPU
		{FD7585BC-C8F1-4C73-B6ED-2ED4EDA9BB00}.Release|Any CPU.Build.0 = Release|Any CPU
		{3D9DA811-1FB4-433F-9251-084CD6BB762E}.Debug|Any CPU.ActiveCfg = Debug|Any CPU
		{3D9DA811-1FB4-433F-9251-084CD6BB762E}.Debug|Any CPU.Build.0 = Debug|Any CPU
		{3D9DA811-1FB4-433F-9251-084CD6BB762E}.Release|Any CPU.ActiveCfg = Release|Any CPU
		{3D9DA811-1FB4-433F-9251-084CD6BB762E}.Release|Any CPU.Build.0 = Release|Any CPU
		{AF6AC2AE-38CB-4008-92AF-8D20E27E65F5}.Debug|Any CPU.ActiveCfg = Debug|Any CPU
		{AF6AC2AE-38CB-4008-92AF-8D20E27E65F5}.Debug|Any CPU.Build.0 = Debug|Any CPU
		{AF6AC2AE-38CB-4008-92AF-8D20E27E65F5}.Release|Any CPU.ActiveCfg = Release|Any CPU
		{AF6AC2AE-38CB-4008-92AF-8D20E27E65F5}.Release|Any CPU.Build.0 = Release|Any CPU
		{B3DDFF18-5783-4013-9C31-BA68C9ABCD49}.Debug|Any CPU.ActiveCfg = Debug|Any CPU
		{B3DDFF18-5783-4013-9C31-BA68C9ABCD49}.Debug|Any CPU.Build.0 = Debug|Any CPU
		{B3DDFF18-5783-4013-9C31-BA68C9ABCD49}.Release|Any CPU.ActiveCfg = Release|Any CPU
		{B3DDFF18-5783-4013-9C31-BA68C9ABCD49}.Release|Any CPU.Build.0 = Release|Any CPU
		{6E14B18F-0357-4C4F-89B8-FF8847D77361}.Debug|Any CPU.ActiveCfg = Debug|Any CPU
		{6E14B18F-0357-4C4F-89B8-FF8847D77361}.Debug|Any CPU.Build.0 = Debug|Any CPU
		{6E14B18F-0357-4C4F-89B8-FF8847D77361}.Release|Any CPU.ActiveCfg = Release|Any CPU
		{6E14B18F-0357-4C4F-89B8-FF8847D77361}.Release|Any CPU.Build.0 = Release|Any CPU
		{8042C834-BAA1-4234-BBBF-79FE20360849}.Debug|Any CPU.ActiveCfg = Debug|Any CPU
		{8042C834-BAA1-4234-BBBF-79FE20360849}.Debug|Any CPU.Build.0 = Debug|Any CPU
		{8042C834-BAA1-4234-BBBF-79FE20360849}.Release|Any CPU.ActiveCfg = Release|Any CPU
		{8042C834-BAA1-4234-BBBF-79FE20360849}.Release|Any CPU.Build.0 = Release|Any CPU
		{C58F5940-F867-41B8-985B-B071A205050D}.Debug|Any CPU.ActiveCfg = Debug|Any CPU
		{C58F5940-F867-41B8-985B-B071A205050D}.Debug|Any CPU.Build.0 = Debug|Any CPU
		{C58F5940-F867-41B8-985B-B071A205050D}.Release|Any CPU.ActiveCfg = Release|Any CPU
		{C58F5940-F867-41B8-985B-B071A205050D}.Release|Any CPU.Build.0 = Release|Any CPU
		{3D164877-ED70-4C9C-8A5D-F9BBF813E08B}.Debug|Any CPU.ActiveCfg = Debug|Any CPU
		{3D164877-ED70-4C9C-8A5D-F9BBF813E08B}.Debug|Any CPU.Build.0 = Debug|Any CPU
		{3D164877-ED70-4C9C-8A5D-F9BBF813E08B}.Release|Any CPU.ActiveCfg = Release|Any CPU
		{3D164877-ED70-4C9C-8A5D-F9BBF813E08B}.Release|Any CPU.Build.0 = Release|Any CPU
		{0C47FED8-C605-401A-9720-439524C2AB3D}.Debug|Any CPU.ActiveCfg = Debug|Any CPU
		{0C47FED8-C605-401A-9720-439524C2AB3D}.Debug|Any CPU.Build.0 = Debug|Any CPU
		{0C47FED8-C605-401A-9720-439524C2AB3D}.Release|Any CPU.ActiveCfg = Release|Any CPU
		{0C47FED8-C605-401A-9720-439524C2AB3D}.Release|Any CPU.Build.0 = Release|Any CPU
		{A9899AAD-EC51-4F91-BD98-4DF4E10966C5}.Debug|Any CPU.ActiveCfg = Debug|Any CPU
		{A9899AAD-EC51-4F91-BD98-4DF4E10966C5}.Debug|Any CPU.Build.0 = Debug|Any CPU
		{A9899AAD-EC51-4F91-BD98-4DF4E10966C5}.Release|Any CPU.ActiveCfg = Release|Any CPU
		{A9899AAD-EC51-4F91-BD98-4DF4E10966C5}.Release|Any CPU.Build.0 = Release|Any CPU
	EndGlobalSection
EndGlobal
